# This is a Gradle generated file for dependency locking.
# Manual edits can break the build and are not advised.
# This file is expected to be part of source control.
androidx.annotation:annotation-experimental:1.1.0=androidTestImplementationDependenciesMetadata,debugAndroidTestCompileClasspath,debugAndroidTestRuntimeClasspath
androidx.annotation:annotation:1.2.0=androidTestImplementationDependenciesMetadata,debugAndroidTestCompileClasspath,debugAndroidTestRuntimeClasspath
androidx.concurrent:concurrent-futures:1.1.0=androidTestImplementationDependenciesMetadata,debugAndroidTestCompileClasspath,debugAndroidTestRuntimeClasspath
androidx.lifecycle:lifecycle-common:2.3.1=androidTestImplementationDependenciesMetadata,debugAndroidTestCompileClasspath,debugAndroidTestRuntimeClasspath
androidx.test.ext:junit:1.1.5=androidTestImplementationDependenciesMetadata,debugAndroidTestCompileClasspath,debugAndroidTestRuntimeClasspath
androidx.test.services:storage:1.4.2=androidTestImplementationDependenciesMetadata,debugAndroidTestCompileClasspath,debugAndroidTestRuntimeClasspath
androidx.test:annotation:1.0.1=androidTestImplementationDependenciesMetadata,debugAndroidTestCompileClasspath,debugAndroidTestRuntimeClasspath
androidx.test:core:1.5.0=androidTestImplementationDependenciesMetadata,debugAndroidTestCompileClasspath,debugAndroidTestRuntimeClasspath
androidx.test:monitor:1.6.1=androidTestImplementationDependenciesMetadata,debugAndroidTestCompileClasspath,debugAndroidTestRuntimeClasspath
androidx.test:runner:1.5.2=androidTestImplementationDependenciesMetadata,debugAndroidTestCompileClasspath,debugAndroidTestRuntimeClasspath
androidx.tracing:tracing:1.0.0=androidTestImplementationDependenciesMetadata,debugAndroidTestCompileClasspath,debugAndroidTestRuntimeClasspath
com.google.android:annotations:4.1.1.4=debugRuntimeClasspath,debugUnitTestRuntimeClasspath,releaseRuntimeClasspath,releaseUnitTestRuntimeClasspath
com.google.code.findbugs:jsr305:2.0.2=androidTestImplementationDependenciesMetadata
com.google.code.findbugs:jsr305:3.0.2=debugAndroidTestCompileClasspath,debugAndroidTestRuntimeClasspath,debugCompileClasspath,debugRuntimeClasspath,debugUnitTestCompileClasspath,debugUnitTestRuntimeClasspath,implementationDependenciesMetadata,releaseCompileClasspath,releaseRuntimeClasspath,releaseUnitTestCompileClasspath,releaseUnitTestRuntimeClasspath
com.google.code.gson:gson:2.13.2=debugRuntimeClasspath,debugUnitTestRuntimeClasspath,releaseRuntimeClasspath,releaseUnitTestRuntimeClasspath
com.google.errorprone:error_prone_annotations:2.48.0=debugAndroidTestCompileClasspath,debugCompileClasspath,debugRuntimeClasspath,debugUnitTestCompileClasspath,debugUnitTestRuntimeClasspath,implementationDependenciesMetadata,releaseCompileClasspath,releaseRuntimeClasspath,releaseUnitTestCompileClasspath,releaseUnitTestRuntimeClasspath
com.google.guava:failureaccess:1.0.3=debugRuntimeClasspath,debugUnitTestRuntimeClasspath,releaseRuntimeClasspath,releaseUnitTestRuntimeClasspath
com.google.guava:guava:33.5.0-android=debugRuntimeClasspath,debugUnitTestRuntimeClasspath,releaseRuntimeClasspath,releaseUnitTestRuntimeClasspath
com.google.guava:listenablefuture:1.0=androidTestImplementationDependenciesMetadata
com.google.guava:listenablefuture:9999.0-empty-to-avoid-conflict-with-guava=debugAndroidTestCompileClasspath,debugAndroidTestRuntimeClasspath,debugRuntimeClasspath,debugUnitTestRuntimeClasspath,releaseRuntimeClasspath,releaseUnitTestRuntimeClasspath
com.google.j2objc:j2objc-annotations:3.1=debugRuntimeClasspath,debugUnitTestRuntimeClasspath,releaseRuntimeClasspath,releaseUnitTestRuntimeClasspath
io.grpc:grpc-api:1.81.0=debugAndroidTestCompileClasspath,debugCompileClasspath,debugRuntimeClasspath,debugUnitTestCompileClasspath,debugUnitTestRuntimeClasspath,implementationDependenciesMetadata,releaseCompileClasspath,releaseRuntimeClasspath,releaseUnitTestCompileClasspath,releaseUnitTestRuntimeClasspath
io.grpc:grpc-context:1.81.0=debugRuntimeClasspath,debugUnitTestRuntimeClasspath,releaseRuntimeClasspath,releaseUnitTestRuntimeClasspath
io.grpc:grpc-core:1.81.0=debugRuntimeClasspath,debugUnitTestRuntimeClasspath,releaseRuntimeClasspath,releaseUnitTestRuntimeClasspath
io.grpc:grpc-netty-shaded:1.81.0=debugRuntimeClasspath,debugUnitTestRuntimeClasspath,releaseRuntimeClasspath,releaseUnitTestRuntimeClasspath
io.grpc:grpc-stub:1.81.0=debugRuntimeClasspath,debugUnitTestRuntimeClasspath,releaseRuntimeClasspath,releaseUnitTestRuntimeClasspath
io.grpc:grpc-util:1.81.0=debugRuntimeClasspath,debugUnitTestRuntimeClasspath,releaseRuntimeClasspath,releaseUnitTestRuntimeClasspath
io.perfmark:perfmark-api:0.27.0=debugRuntimeClasspath,debugUnitTestRuntimeClasspath,releaseRuntimeClasspath,releaseUnitTestRuntimeClasspath
junit:junit:4.13.2=androidTestImplementationDependenciesMetadata,debugAndroidTestCompileClasspath,debugAndroidTestRuntimeClasspath
org.codehaus.mojo:animal-sniffer-annotations:1.27=debugRuntimeClasspath,debugUnitTestRuntimeClasspath,releaseRuntimeClasspath,releaseUnitTestRuntimeClasspath
org.hamcrest:hamcrest-core:1.3=androidTestImplementationDependenciesMetadata,debugAndroidTestCompileClasspath,debugAndroidTestRuntimeClasspath
org.jetbrains.intellij.deps:trove4j:1.0.20200330=kotlinBuildToolsApiClasspath,kotlinCompilerClasspath,kotlinKlibCommonizerClasspath
org.jetbrains.kotlin:kotlin-build-common:1.9.22=kotlinBuildToolsApiClasspath
org.jetbrains.kotlin:kotlin-build-tools-api:1.9.22=kotlinBuildToolsApiClasspath
org.jetbrains.kotlin:kotlin-build-tools-impl:1.9.22=kotlinBuildToolsApiClasspath
org.jetbrains.kotlin:kotlin-compiler-embeddable:1.9.22=kotlinBuildToolsApiClasspath,kotlinCompilerClasspath,kotlinKlibCommonizerClasspath
org.jetbrains.kotlin:kotlin-compiler-runner:1.9.22=kotlinBuildToolsApiClasspath
org.jetbrains.kotlin:kotlin-daemon-client:1.9.22=kotlinBuildToolsApiClasspath
org.jetbrains.kotlin:kotlin-daemon-embeddable:1.9.22=kotlinBuildToolsApiClasspath,kotlinCompilerClasspath,kotlinKlibCommonizerClasspath
org.jetbrains.kotlin:kotlin-klib-commonizer-embeddable:1.9.22=kotlinKlibCommonizerClasspath
org.jetbrains.kotlin:kotlin-reflect:1.6.10=kotlinBuildToolsApiClasspath,kotlinCompilerClasspath,kotlinKlibCommonizerClasspath
org.jetbrains.kotlin:kotlin-script-runtime:1.9.22=kotlinBuildToolsApiClasspath,kotlinCompilerClasspath,kotlinKlibCommonizerClasspath
org.jetbrains.kotlin:kotlin-stdlib-common:1.7.10=androidTestImplementationDependenciesMetadata
org.jetbrains.kotlin:kotlin-stdlib:1.7.10=androidTestImplementationDependenciesMetadata
org.jetbrains.kotlin:kotlin-stdlib:1.9.22=apiDependenciesMetadata,debugAndroidTestCompileClasspath,debugAndroidTestRuntimeClasspath,debugCompileClasspath,debugRuntimeClasspath,debugUnitTestCompileClasspath,debugUnitTestRuntimeClasspath,implementationDependenciesMetadata,kotlinBuildToolsApiClasspath,kotlinCompilerClasspath,kotlinKlibCommonizerClasspath,releaseCompileClasspath,releaseRuntimeClasspath,releaseUnitTestCompileClasspath,releaseUnitTestRuntimeClasspath
org.jetbrains.kotlinx:kotlinx-coroutines-core-jvm:1.5.0=kotlinBuildToolsApiClasspath
org.jetbrains:annotations:13.0=androidTestImplementationDependenciesMetadata,debugAndroidTestCompileClasspath,debugAndroidTestRuntimeClasspath,debugCompileClasspath,debugRuntimeClasspath,debugUnitTestCompileClasspath,debugUnitTestRuntimeClasspath,kotlinBuildToolsApiClasspath,kotlinCompilerClasspath,kotlinKlibCommonizerClasspath,releaseCompileClasspath,releaseRuntimeClasspath,releaseUnitTestCompileClasspath,releaseUnitTestRuntimeClasspath
org.jspecify:jspecify:1.0.0=debugRuntimeClasspath,debugUnitTestRuntimeClasspath,releaseRuntimeClasspath,releaseUnitTestRuntimeClasspath
empty=androidApis,androidJdkImage,androidTestApiDependenciesMetadata,androidTestCompileOnlyDependenciesMetadata,androidTestDebugApiDependenciesMetadata,androidTestDebugCompileOnlyDependenciesMetadata,androidTestDebugImplementationDependenciesMetadata,androidTestDebugIntransitiveDependenciesMetadata,androidTestIntransitiveDependenciesMetadata,androidTestReleaseApiDependenciesMetadata,androidTestReleaseCompileOnlyDependenciesMetadata,androidTestReleaseImplementationDependenciesMetadata,androidTestReleaseIntransitiveDependenciesMetadata,androidTestUtil,compileOnlyDependenciesMetadata,coreLibraryDesugaring,debugAndroidTestAnnotationProcessorClasspath,debugAndroidTestApiDependenciesMetadata,debugAndroidTestCompileOnlyDependenciesMetadata,debugAndroidTestImplementationDependenciesMetadata,debugAndroidTestIntransitiveDependenciesMetadata,debugAnnotationProcessorClasspath,debugApiDependenciesMetadata,debugCompileOnlyDependenciesMetadata,debugImplementationDependenciesMetadata,debugIntransitiveDependenciesMetadata,debugReverseMetadataValues,debugUnitTestAnnotationProcessorClasspath,debugUnitTestApiDependenciesMetadata,debugUnitTestCompileOnlyDependenciesMetadata,debugUnitTestImplementationDependenciesMetadata,debugUnitTestIntransitiveDependenciesMetadata,debugWearBundling,intransitiveDependenciesMetadata,kotlinCompilerPluginClasspath,kotlinCompilerPluginClasspathDebug,kotlinCompilerPluginClasspathDebugAndroidTest,kotlinCompilerPluginClasspathDebugUnitTest,kotlinCompilerPluginClasspathRelease,kotlinCompilerPluginClasspathReleaseUnitTest,kotlinNativeCompilerPluginClasspath,lintChecks,lintPublish,releaseAnnotationProcessorClasspath,releaseApiDependenciesMetadata,releaseCompileOnlyDependenciesMetadata,releaseImplementationDependenciesMetadata,releaseIntransitiveDependenciesMetadata,releaseReverseMetadataValues,releaseUnitTestAnnotationProcessorClasspath,releaseUnitTestApiDependenciesMetadata,releaseUnitTestCompileOnlyDependenciesMetadata,releaseUnitTestImplementationDependenciesMetadata,releaseUnitTestIntransitiveDependenciesMetadata,releaseWearBundling,testApiDependenciesMetadata,testCompileOnlyDependenciesMetadata,testDebugApiDependenciesMetadata,testDebugCompileOnlyDependenciesMetadata,testDebugImplementationDependenciesMetadata,testDebugIntransitiveDependenciesMetadata,testFixturesApiDependenciesMetadata,testFixturesCompileOnlyDependenciesMetadata,testFixturesDebugApiDependenciesMetadata,testFixturesDebugCompileOnlyDependenciesMetadata,testFixturesDebugImplementationDependenciesMetadata,testFixturesDebugIntransitiveDependenciesMetadata,testFixturesImplementationDependenciesMetadata,testFixturesIntransitiveDependenciesMetadata,testFixturesReleaseApiDependenciesMetadata,testFixturesReleaseCompileOnlyDependenciesMetadata,testFixturesReleaseImplementationDependenciesMetadata,testFixturesReleaseIntransitiveDependenciesMetadata,testImplementationDependenciesMetadata,testIntransitiveDependenciesMetadata,testReleaseApiDependenciesMetadata,testReleaseCompileOnlyDependenciesMetadata,testReleaseImplementationDependenciesMetadata,testReleaseIntransitiveDependenciesMetadata
